
Microsoft Visual Studio Solution File, Format Version 12.00
# Visual Studio 14
VisualStudioVersion = 14.0.25420.1
MinimumVisualStudioVersion = 10.0.40219.1
Project("{FAE04EC0-301F-11D3-BF4B-00C04F79EFBC}") = "Docati.Api.Demo", "Docati.Api.Demo.csproj", "{B2F0B188-9288-474B-B66D-0CA91F49830E}"
EndProject
Global
	GlobalSection(SolutionConfigurationPlatforms) = preSolution
		Debug|Any CPU = Debug|Any CPU
		Release|Any CPU = Release|Any CPU
	EndGlobalSection
	GlobalSection(ProjectConfigurationPlatforms) = postSolution
		{B2F0B188-9288-474B-B66D-0CA91F49830E}.Debug|Any CPU.ActiveCfg = Debug|Any CPU
		{B2F0B188-9288-474B-B66D-0CA91F49830E}.Debug|Any CPU.Build.0 = Debug|Any CPU
		{B2F0B188-9288-474B-B66D-0CA91F49830E}.Release|Any CPU.ActiveCfg = Release|Any CPU
		{B2F0B188-9288-474B-B66D-0CA91F49830E}.Release|Any CPU.Build.0 = Release|Any CPU
	EndGlobalSection
	GlobalSection(SolutionProperties) = preSolution
		HideSolutionNode = FALSE
	EndGlobalSection
EndGlobal
